<?xml version="1.0" encoding="UTF-8" standalone="yes" ?>
<CodeBlocks_project_file>
	<FileVersion major="1" minor="6" />
	<Project>
		<Option title="AI MUSICVERSE" />
		<Option pch_mode="2" />
		<Option compiler="gcc" />
		<Build>
			<Target title="default">
				<Option output="AI MUSICVERSE" prefix_auto="1" extension_auto="1" />
				<Option type="0" />
				<Option compiler="gcc" />
				<Linker>
					<Add option="-mconsole" />
				</Linker>
			</Target>
			<Target title="Release">
				<Option output="AI MUSICVERSE" prefix_auto="1" extension_auto="1" />
				<Option type="0" />
				<Option compiler="gcc" />
			</Target>
		</Build>
		<Compiler>
			<Add option="-DIRRKLANG_STATIC" />
		</Compiler>
		<Linker>
			<Add option="-static-libstdc++" />
			<Add option="-static-libgcc" />
			<Add option="-D IRRKLANG_STATIC" />
			<Add option="-lirrKlang" />
			<Add option="-lgdiplus" />
			<Add option="-lgdi32" />
			<Add option="-luser32" />
			<Add library="freeglut_static" />
			<Add library="drawtext" />
			<Add library="freetype" />
			<Add library="SOIL" />
			<Add library="comctl32" />
			<Add library="opengl32" />
			<Add library="glu32" />
			<Add library="winmm" />
			<Add library="pthread" />
		</Linker>
		<Unit filename="main.cpp" />
		<Unit filename="resource.rc">
			<Option compilerVar="WINDRES" />
		</Unit>
		<Extensions />
	</Project>
</CodeBlocks_project_file>
